
Microsoft Visual Studio Solution File, Format Version 12.00
# Visual Studio 15
VisualStudioVersion = 15.0.28307.960
MinimumVisualStudioVersion = 10.0.40219.1
Project("{FAE04EC0-301F-11D3-BF4B-00C04F79EFBC}") = "Calculator for GitHub", "Calculator for GitHub\Calculator for GitHub.csproj", "{03DCE0D4-18CD-4EEA-B85D-6B48BD4F2005}"
EndProject
Global
	GlobalSection(SolutionConfigurationPlatforms) = preSolution
		Debug|Any CPU = Debug|Any CPU
		Release|Any CPU = Release|Any CPU
	EndGlobalSection
	GlobalSection(ProjectConfigurationPlatforms) = postSolution
		{03DCE0D4-18CD-4EEA-B85D-6B48BD4F2005}.Debug|Any CPU.ActiveCfg = Debug|Any CPU
		{03DCE0D4-18CD-4EEA-B85D-6B48BD4F2005}.Debug|Any CPU.Build.0 = Debug|Any CPU
		{03DCE0D4-18CD-4EEA-B85D-6B48BD4F2005}.Release|Any CPU.ActiveCfg = Release|Any CPU
		{03DCE0D4-18CD-4EEA-B85D-6B48BD4F2005}.Release|Any CPU.Build.0 = Release|Any CPU
	EndGlobalSection
	GlobalSection(SolutionProperties) = preSolution
		HideSolutionNode = FALSE
	EndGlobalSection
	GlobalSection(ExtensibilityGlobals) = postSolution
		SolutionGuid = {A2A861F0-0099-4A7D-A813-BEFA2F4210A4}
	EndGlobalSection
EndGlobal
