
Microsoft Visual Studio Solution File, Format Version 12.00
# Visual Studio Version 16
VisualStudioVersion = 16.0.29613.14
MinimumVisualStudioVersion = 10.0.40219.1
Project("{FAE04EC0-301F-11D3-BF4B-00C04F79EFBC}") = "OOP navn opg", "OOP navn opg\OOP navn opg.csproj", "{491F1C2F-E13E-4F3E-B6EF-09F9FB582852}"
EndProject
Global
	GlobalSection(SolutionConfigurationPlatforms) = preSolution
		Debug|Any CPU = Debug|Any CPU
		Release|Any CPU = Release|Any CPU
	EndGlobalSection
	GlobalSection(ProjectConfigurationPlatforms) = postSolution
		{491F1C2F-E13E-4F3E-B6EF-09F9FB582852}.Debug|Any CPU.ActiveCfg = Debug|Any CPU
		{491F1C2F-E13E-4F3E-B6EF-09F9FB582852}.Debug|Any CPU.Build.0 = Debug|Any CPU
		{491F1C2F-E13E-4F3E-B6EF-09F9FB582852}.Release|Any CPU.ActiveCfg = Release|Any CPU
		{491F1C2F-E13E-4F3E-B6EF-09F9FB582852}.Release|Any CPU.Build.0 = Release|Any CPU
	EndGlobalSection
	GlobalSection(SolutionProperties) = preSolution
		HideSolutionNode = FALSE
	EndGlobalSection
	GlobalSection(ExtensibilityGlobals) = postSolution
		SolutionGuid = {978B984C-FB85-4DB7-A9BA-35078E3AC973}
	EndGlobalSection
EndGlobal
