
Microsoft Visual Studio Solution File, Format Version 12.00
# Visual Studio Version 16
VisualStudioVersion = 16.0.29613.14
MinimumVisualStudioVersion = 10.0.40219.1
Project("{FAE04EC0-301F-11D3-BF4B-00C04F79EFBC}") = "Distance calculator", "Distance calculator.csproj", "{3D6C3695-A384-482A-940B-1E046F396BA3}"
EndProject
Global
	GlobalSection(SolutionConfigurationPlatforms) = preSolution
		Debug|Any CPU = Debug|Any CPU
		Release|Any CPU = Release|Any CPU
	EndGlobalSection
	GlobalSection(ProjectConfigurationPlatforms) = postSolution
		{3D6C3695-A384-482A-940B-1E046F396BA3}.Debug|Any CPU.ActiveCfg = Debug|Any CPU
		{3D6C3695-A384-482A-940B-1E046F396BA3}.Debug|Any CPU.Build.0 = Debug|Any CPU
		{3D6C3695-A384-482A-940B-1E046F396BA3}.Release|Any CPU.ActiveCfg = Release|Any CPU
		{3D6C3695-A384-482A-940B-1E046F396BA3}.Release|Any CPU.Build.0 = Release|Any CPU
	EndGlobalSection
	GlobalSection(SolutionProperties) = preSolution
		HideSolutionNode = FALSE
	EndGlobalSection
	GlobalSection(ExtensibilityGlobals) = postSolution
		SolutionGuid = {4408D701-A83E-482F-A890-BD565B57D389}
	EndGlobalSection
EndGlobal
